
Microsoft Visual Studio Solution File, Format Version 12.00
# Visual Studio Version 16
VisualStudioVersion = 16.0.29613.14
MinimumVisualStudioVersion = 10.0.40219.1
Project("{FAE04EC0-301F-11D3-BF4B-00C04F79EFBC}") = "ListView.UWP", "ListView\ListView.UWP\ListView.UWP.csproj", "{6898E943-2D8D-4E19-B28E-931ABDD891FF}"
EndProject
Project("{FAE04EC0-301F-11D3-BF4B-00C04F79EFBC}") = "ListView.Android", "ListView\ListView.Android\ListView.Android.csproj", "{6136B647-365C-4443-894E-F53393F5D181}"
EndProject
Project("{FAE04EC0-301F-11D3-BF4B-00C04F79EFBC}") = "ListView.iOS", "ListView\ListView.iOS\ListView.iOS.csproj", "{C1DC6D46-A86A-4B43-9191-A4CD8BF76229}"
EndProject
Project("{FAE04EC0-301F-11D3-BF4B-00C04F79EFBC}") = "ListView", "ListView\ListView\ListView.csproj", "{548A4AA2-27C8-4F9D-AD3A-0FA5CC739F1A}"
EndProject
Global
	GlobalSection(SolutionConfigurationPlatforms) = preSolution
		Debug|Any CPU = Debug|Any CPU
		Debug|ARM = Debug|ARM
		Debug|iPhone = Debug|iPhone
		Debug|iPhoneSimulator = Debug|iPhoneSimulator
		Debug|x64 = Debug|x64
		Debug|x86 = Debug|x86
		Release|Any CPU = Release|Any CPU
		Release|ARM = Release|ARM
		Release|iPhone = Release|iPhone
		Release|iPhoneSimulator = Release|iPhoneSimulator
		Release|x64 = Release|x64
		Release|x86 = Release|x86
	EndGlobalSection
	GlobalSection(ProjectConfigurationPlatforms) = postSolution
		{6898E943-2D8D-4E19-B28E-931ABDD891FF}.Debug|Any CPU.ActiveCfg = Debug|x86
		{6898E943-2D8D-4E19-B28E-931ABDD891FF}.Debug|Any CPU.Build.0 = Debug|x86
		{6898E943-2D8D-4E19-B28E-931ABDD891FF}.Debug|Any CPU.Deploy.0 = Debug|x86
		{6898E943-2D8D-4E19-B28E-931ABDD891FF}.Debug|ARM.ActiveCfg = Debug|ARM
		{6898E943-2D8D-4E19-B28E-931ABDD891FF}.Debug|ARM.Build.0 = Debug|ARM
		{6898E943-2D8D-4E19-B28E-931ABDD891FF}.Debug|ARM.Deploy.0 = Debug|ARM
		{6898E943-2D8D-4E19-B28E-931ABDD891FF}.Debug|iPhone.ActiveCfg = Debug|x86
		{6898E943-2D8D-4E19-B28E-931ABDD891FF}.Debug|iPhone.Build.0 = Debug|x86
		{6898E943-2D8D-4E19-B28E-931ABDD891FF}.Debug|iPhone.Deploy.0 = Debug|x86
		{6898E943-2D8D-4E19-B28E-931ABDD891FF}.Debug|iPhoneSimulator.ActiveCfg = Debug|x86
		{6898E943-2D8D-4E19-B28E-931ABDD891FF}.Debug|iPhoneSimulator.Build.0 = Debug|x86
		{6898E943-2D8D-4E19-B28E-931ABDD891FF}.Debug|iPhoneSimulator.Deploy.0 = Debug|x86
		{6898E943-2D8D-4E19-B28E-931ABDD891FF}.Debug|x64.ActiveCfg = Debug|x64
		{6898E943-2D8D-4E19-B28E-931ABDD891FF}.Debug|x64.Build.0 = Debug|x64
		{6898E943-2D8D-4E19-B28E-931ABDD891FF}.Debug|x64.Deploy.0 = Debug|x64
		{6898E943-2D8D-4E19-B28E-931ABDD891FF}.Debug|x86.ActiveCfg = Debug|x86
		{6898E943-2D8D-4E19-B28E-931ABDD891FF}.Debug|x86.Build.0 = Debug|x86
		{6898E943-2D8D-4E19-B28E-931ABDD891FF}.Debug|x86.Deploy.0 = Debug|x86
		{6898E943-2D8D-4E19-B28E-931ABDD891FF}.Release|Any CPU.ActiveCfg = Release|x86
		{6898E943-2D8D-4E19-B28E-931ABDD891FF}.Release|Any CPU.Build.0 = Release|x86
		{6898E943-2D8D-4E19-B28E-931ABDD891FF}.Release|Any CPU.Deploy.0 = Release|x86
		{6898E943-2D8D-4E19-B28E-931ABDD891FF}.Release|ARM.ActiveCfg = Release|ARM
		{6898E943-2D8D-4E19-B28E-931ABDD891FF}.Release|ARM.Build.0 = Release|ARM
		{6898E943-2D8D-4E19-B28E-931ABDD891FF}.Release|ARM.Deploy.0 = Release|ARM
		{6898E943-2D8D-4E19-B28E-931ABDD891FF}.Release|iPhone.ActiveCfg = Release|x86
		{6898E943-2D8D-4E19-B28E-931ABDD891FF}.Release|iPhone.Build.0 = Release|x86
		{6898E943-2D8D-4E19-B28E-931ABDD891FF}.Release|iPhone.Deploy.0 = Release|x86
		{6898E943-2D8D-4E19-B28E-931ABDD891FF}.Release|iPhoneSimulator.ActiveCfg = Release|x86
		{6898E943-2D8D-4E19-B28E-931ABDD891FF}.Release|iPhoneSimulator.Build.0 = Release|x86
		{6898E943-2D8D-4E19-B28E-931ABDD891FF}.Release|iPhoneSimulator.Deploy.0 = Release|x86
		{6898E943-2D8D-4E19-B28E-931ABDD891FF}.Release|x64.ActiveCfg = Release|x64
		{6898E943-2D8D-4E19-B28E-931ABDD891FF}.Release|x64.Build.0 = Release|x64
		{6898E943-2D8D-4E19-B28E-931ABDD891FF}.Release|x64.Deploy.0 = Release|x64
		{6898E943-2D8D-4E19-B28E-931ABDD891FF}.Release|x86.ActiveCfg = Release|x86
		{6898E943-2D8D-4E19-B28E-931ABDD891FF}.Release|x86.Build.0 = Release|x86
		{6898E943-2D8D-4E19-B28E-931ABDD891FF}.Release|x86.Deploy.0 = Release|x86
		{6136B647-365C-4443-894E-F53393F5D181}.Debug|Any CPU.ActiveCfg = Debug|Any CPU
		{6136B647-365C-4443-894E-F53393F5D181}.Debug|Any CPU.Build.0 = Debug|Any CPU
		{6136B647-365C-4443-894E-F53393F5D181}.Debug|Any CPU.Deploy.0 = Debug|Any CPU
		{6136B647-365C-4443-894E-F53393F5D181}.Debug|ARM.ActiveCfg = Debug|Any CPU
		{6136B647-365C-4443-894E-F53393F5D181}.Debug|ARM.Build.0 = Debug|Any CPU
		{6136B647-365C-4443-894E-F53393F5D181}.Debug|ARM.Deploy.0 = Debug|Any CPU
		{6136B647-365C-4443-894E-F53393F5D181}.Debug|iPhone.ActiveCfg = Debug|Any CPU
		{6136B647-365C-4443-894E-F53393F5D181}.Debug|iPhone.Build.0 = Debug|Any CPU
		{6136B647-365C-4443-894E-F53393F5D181}.Debug|iPhone.Deploy.0 = Debug|Any CPU
		{6136B647-365C-4443-894E-F53393F5D181}.Debug|iPhoneSimulator.ActiveCfg = Debug|Any CPU
		{6136B647-365C-4443-894E-F53393F5D181}.Debug|iPhoneSimulator.Build.0 = Debug|Any CPU
		{6136B647-365C-4443-894E-F53393F5D181}.Debug|iPhoneSimulator.Deploy.0 = Debug|Any CPU
		{6136B647-365C-4443-894E-F53393F5D181}.Debug|x64.ActiveCfg = Debug|Any CPU
		{6136B647-365C-4443-894E-F53393F5D181}.Debug|x64.Build.0 = Debug|Any CPU
		{6136B647-365C-4443-894E-F53393F5D181}.Debug|x64.Deploy.0 = Debug|Any CPU
		{6136B647-365C-4443-894E-F53393F5D181}.Debug|x86.ActiveCfg = Debug|Any CPU
		{6136B647-365C-4443-894E-F53393F5D181}.Debug|x86.Build.0 = Debug|Any CPU
		{6136B647-365C-4443-894E-F53393F5D181}.Debug|x86.Deploy.0 = Debug|Any CPU
		{6136B647-365C-4443-894E-F53393F5D181}.Release|Any CPU.ActiveCfg = Release|Any CPU
		{6136B647-365C-4443-894E-F53393F5D181}.Release|Any CPU.Build.0 = Release|Any CPU
		{6136B647-365C-4443-894E-F53393F5D181}.Release|Any CPU.Deploy.0 = Release|Any CPU
		{6136B647-365C-4443-894E-F53393F5D181}.Release|ARM.ActiveCfg = Release|Any CPU
		{6136B647-365C-4443-894E-F53393F5D181}.Release|ARM.Build.0 = Release|Any CPU
		{6136B647-365C-4443-894E-F53393F5D181}.Release|ARM.Deploy.0 = Release|Any CPU
		{6136B647-365C-4443-894E-F53393F5D181}.Release|iPhone.ActiveCfg = Release|Any CPU
		{6136B647-365C-4443-894E-F53393F5D181}.Release|iPhone.Build.0 = Release|Any CPU
		{6136B647-365C-4443-894E-F53393F5D181}.Release|iPhone.Deploy.0 = Release|Any CPU
		{6136B647-365C-4443-894E-F53393F5D181}.Release|iPhoneSimulator.ActiveCfg = Release|Any CPU
		{6136B647-365C-4443-894E-F53393F5D181}.Release|iPhoneSimulator.Build.0 = Release|Any CPU
		{6136B647-365C-4443-894E-F53393F5D181}.Release|iPhoneSimulator.Deploy.0 = Release|Any CPU
		{6136B647-365C-4443-894E-F53393F5D181}.Release|x64.ActiveCfg = Release|Any CPU
		{6136B647-365C-4443-894E-F53393F5D181}.Release|x64.Build.0 = Release|Any CPU
		{6136B647-365C-4443-894E-F53393F5D181}.Release|x64.Deploy.0 = Release|Any CPU
		{6136B647-365C-4443-894E-F53393F5D181}.Release|x86.ActiveCfg = Release|Any CPU
		{6136B647-365C-4443-894E-F53393F5D181}.Release|x86.Build.0 = Release|Any CPU
		{6136B647-365C-4443-894E-F53393F5D181}.Release|x86.Deploy.0 = Release|Any CPU
		{C1DC6D46-A86A-4B43-9191-A4CD8BF76229}.Debug|Any CPU.ActiveCfg = Debug|iPhone
		{C1DC6D46-A86A-4B43-9191-A4CD8BF76229}.Debug|Any CPU.Build.0 = Debug|iPhone
		{C1DC6D46-A86A-4B43-9191-A4CD8BF76229}.Debug|Any CPU.Deploy.0 = Debug|iPhone
		{C1DC6D46-A86A-4B43-9191-A4CD8BF76229}.Debug|ARM.ActiveCfg = Debug|iPhoneSimulator
		{C1DC6D46-A86A-4B43-9191-A4CD8BF76229}.Debug|ARM.Build.0 = Debug|iPhoneSimulator
		{C1DC6D46-A86A-4B43-9191-A4CD8BF76229}.Debug|ARM.Deploy.0 = Debug|iPhoneSimulator
		{C1DC6D46-A86A-4B43-9191-A4CD8BF76229}.Debug|iPhone.ActiveCfg = Debug|iPhone
		{C1DC6D46-A86A-4B43-9191-A4CD8BF76229}.Debug|iPhone.Build.0 = Debug|iPhone
		{C1DC6D46-A86A-4B43-9191-A4CD8BF76229}.Debug|iPhone.Deploy.0 = Debug|iPhone
		{C1DC6D46-A86A-4B43-9191-A4CD8BF76229}.Debug|iPhoneSimulator.ActiveCfg = Debug|iPhoneSimulator
		{C1DC6D46-A86A-4B43-9191-A4CD8BF76229}.Debug|iPhoneSimulator.Build.0 = Debug|iPhoneSimulator
		{C1DC6D46-A86A-4B43-9191-A4CD8BF76229}.Debug|iPhoneSimulator.Deploy.0 = Debug|iPhoneSimulator
		{C1DC6D46-A86A-4B43-9191-A4CD8BF76229}.Debug|x64.ActiveCfg = Debug|iPhone
		{C1DC6D46-A86A-4B43-9191-A4CD8BF76229}.Debug|x64.Build.0 = Debug|iPhone
		{C1DC6D46-A86A-4B43-9191-A4CD8BF76229}.Debug|x64.Deploy.0 = Debug|iPhone
		{C1DC6D46-A86A-4B43-9191-A4CD8BF76229}.Debug|x86.ActiveCfg = Debug|iPhone
		{C1DC6D46-A86A-4B43-9191-A4CD8BF76229}.Debug|x86.Build.0 = Debug|iPhone
		{C1DC6D46-A86A-4B43-9191-A4CD8BF76229}.Debug|x86.Deploy.0 = Debug|iPhone
		{C1DC6D46-A86A-4B43-9191-A4CD8BF76229}.Release|Any CPU.ActiveCfg = Release|iPhone
		{C1DC6D46-A86A-4B43-9191-A4CD8BF76229}.Release|Any CPU.Build.0 = Release|iPhone
		{C1DC6D46-A86A-4B43-9191-A4CD8BF76229}.Release|Any CPU.Deploy.0 = Release|iPhone
		{C1DC6D46-A86A-4B43-9191-A4CD8BF76229}.Release|ARM.ActiveCfg = Release|iPhone
		{C1DC6D46-A86A-4B43-9191-A4CD8BF76229}.Release|ARM.Build.0 = Release|iPhone
		{C1DC6D46-A86A-4B43-9191-A4CD8BF76229}.Release|ARM.Deploy.0 = Release|iPhone
		{C1DC6D46-A86A-4B43-9191-A4CD8BF76229}.Release|iPhone.ActiveCfg = Release|iPhone
		{C1DC6D46-A86A-4B43-9191-A4CD8BF76229}.Release|iPhone.Build.0 = Release|iPhone
		{C1DC6D46-A86A-4B43-9191-A4CD8BF76229}.Release|iPhone.Deploy.0 = Release|iPhone
		{C1DC6D46-A86A-4B43-9191-A4CD8BF76229}.Release|iPhoneSimulator.ActiveCfg = Release|iPhoneSimulator
		{C1DC6D46-A86A-4B43-9191-A4CD8BF76229}.Release|iPhoneSimulator.Build.0 = Release|iPhoneSimulator
		{C1DC6D46-A86A-4B43-9191-A4CD8BF76229}.Release|iPhoneSimulator.Deploy.0 = Release|iPhoneSimulator
		{C1DC6D46-A86A-4B43-9191-A4CD8BF76229}.Release|x64.ActiveCfg = Release|iPhone
		{C1DC6D46-A86A-4B43-9191-A4CD8BF76229}.Release|x64.Build.0 = Release|iPhone
		{C1DC6D46-A86A-4B43-9191-A4CD8BF76229}.Release|x64.Deploy.0 = Release|iPhone
		{C1DC6D46-A86A-4B43-9191-A4CD8BF76229}.Release|x86.ActiveCfg = Release|iPhone
		{C1DC6D46-A86A-4B43-9191-A4CD8BF76229}.Release|x86.Build.0 = Release|iPhone
		{C1DC6D46-A86A-4B43-9191-A4CD8BF76229}.Release|x86.Deploy.0 = Release|iPhone
		{548A4AA2-27C8-4F9D-AD3A-0FA5CC739F1A}.Debug|Any CPU.ActiveCfg = Debug|Any CPU
		{548A4AA2-27C8-4F9D-AD3A-0FA5CC739F1A}.Debug|Any CPU.Build.0 = Debug|Any CPU
		{548A4AA2-27C8-4F9D-AD3A-0FA5CC739F1A}.Debug|Any CPU.Deploy.0 = Debug|Any CPU
		{548A4AA2-27C8-4F9D-AD3A-0FA5CC739F1A}.Debug|ARM.ActiveCfg = Debug|Any CPU
		{548A4AA2-27C8-4F9D-AD3A-0FA5CC739F1A}.Debug|ARM.Build.0 = Debug|Any CPU
		{548A4AA2-27C8-4F9D-AD3A-0FA5CC739F1A}.Debug|ARM.Deploy.0 = Debug|Any CPU
		{548A4AA2-27C8-4F9D-AD3A-0FA5CC739F1A}.Debug|iPhone.ActiveCfg = Debug|Any CPU
		{548A4AA2-27C8-4F9D-AD3A-0FA5CC739F1A}.Debug|iPhone.Build.0 = Debug|Any CPU
		{548A4AA2-27C8-4F9D-AD3A-0FA5CC739F1A}.Debug|iPhone.Deploy.0 = Debug|Any CPU
		{548A4AA2-27C8-4F9D-AD3A-0FA5CC739F1A}.Debug|iPhoneSimulator.ActiveCfg = Debug|Any CPU
		{548A4AA2-27C8-4F9D-AD3A-0FA5CC739F1A}.Debug|iPhoneSimulator.Build.0 = Debug|Any CPU
		{548A4AA2-27C8-4F9D-AD3A-0FA5CC739F1A}.Debug|iPhoneSimulator.Deploy.0 = Debug|Any CPU
		{548A4AA2-27C8-4F9D-AD3A-0FA5CC739F1A}.Debug|x64.ActiveCfg = Debug|Any CPU
		{548A4AA2-27C8-4F9D-AD3A-0FA5CC739F1A}.Debug|x64.Build.0 = Debug|Any CPU
		{548A4AA2-27C8-4F9D-AD3A-0FA5CC739F1A}.Debug|x64.Deploy.0 = Debug|Any CPU
		{548A4AA2-27C8-4F9D-AD3A-0FA5CC739F1A}.Debug|x86.ActiveCfg = Debug|Any CPU
		{548A4AA2-27C8-4F9D-AD3A-0FA5CC739F1A}.Debug|x86.Build.0 = Debug|Any CPU
		{548A4AA2-27C8-4F9D-AD3A-0FA5CC739F1A}.Debug|x86.Deploy.0 = Debug|Any CPU
		{548A4AA2-27C8-4F9D-AD3A-0FA5CC739F1A}.Release|Any CPU.ActiveCfg = Release|Any CPU
		{548A4AA2-27C8-4F9D-AD3A-0FA5CC739F1A}.Release|Any CPU.Build.0 = Release|Any CPU
		{548A4AA2-27C8-4F9D-AD3A-0FA5CC739F1A}.Release|Any CPU.Deploy.0 = Release|Any CPU
		{548A4AA2-27C8-4F9D-AD3A-0FA5CC739F1A}.Release|ARM.ActiveCfg = Release|Any CPU
		{548A4AA2-27C8-4F9D-AD3A-0FA5CC739F1A}.Release|ARM.Build.0 = Release|Any CPU
		{548A4AA2-27C8-4F9D-AD3A-0FA5CC739F1A}.Release|ARM.Deploy.0 = Release|Any CPU
		{548A4AA2-27C8-4F9D-AD3A-0FA5CC739F1A}.Release|iPhone.ActiveCfg = Release|Any CPU
		{548A4AA2-27C8-4F9D-AD3A-0FA5CC739F1A}.Release|iPhone.Build.0 = Release|Any CPU
		{548A4AA2-27C8-4F9D-AD3A-0FA5CC739F1A}.Release|iPhone.Deploy.0 = Release|Any CPU
		{548A4AA2-27C8-4F9D-AD3A-0FA5CC739F1A}.Release|iPhoneSimulator.ActiveCfg = Release|Any CPU
		{548A4AA2-27C8-4F9D-AD3A-0FA5CC739F1A}.Release|iPhoneSimulator.Build.0 = Release|Any CPU
		{548A4AA2-27C8-4F9D-AD3A-0FA5CC739F1A}.Release|iPhoneSimulator.Deploy.0 = Release|Any CPU
		{548A4AA2-27C8-4F9D-AD3A-0FA5CC739F1A}.Release|x64.ActiveCfg = Release|Any CPU
		{548A4AA2-27C8-4F9D-AD3A-0FA5CC739F1A}.Release|x64.Build.0 = Release|Any CPU
		{548A4AA2-27C8-4F9D-AD3A-0FA5CC739F1A}.Release|x64.Deploy.0 = Release|Any CPU
		{548A4AA2-27C8-4F9D-AD3A-0FA5CC739F1A}.Release|x86.ActiveCfg = Release|Any CPU
		{548A4AA2-27C8-4F9D-AD3A-0FA5CC739F1A}.Release|x86.Build.0 = Release|Any CPU
		{548A4AA2-27C8-4F9D-AD3A-0FA5CC739F1A}.Release|x86.Deploy.0 = Release|Any CPU
	EndGlobalSection
	GlobalSection(SolutionProperties) = preSolution
		HideSolutionNode = FALSE
	EndGlobalSection
	GlobalSection(ExtensibilityGlobals) = postSolution
		SolutionGuid = {D5BFD2B9-8929-4270-8F43-A5D25BA94E9A}
	EndGlobalSection
EndGlobal
